
Microsoft Visual Studio Solution File, Format Version 12.00
# Visual Studio Version 17
VisualStudioVersion = 17.5.002.0
MinimumVisualStudioVersion = 10.0.40219.1
Project("{9A19103F-16F7-4668-BE54-9A1E7A4F7556}") = "c#", "c#.csproj", "{735F8556-E2A8-4C04-9EA2-EB1A90B92457}"
EndProject
Global
	GlobalSection(SolutionConfigurationPlatforms) = preSolution
		Debug|Any CPU = Debug|Any CPU
		Release|Any CPU = Release|Any CPU
	EndGlobalSection
	GlobalSection(ProjectConfigurationPlatforms) = postSolution
		{735F8556-E2A8-4C04-9EA2-EB1A90B92457}.Debug|Any CPU.ActiveCfg = Debug|Any CPU
		{735F8556-E2A8-4C04-9EA2-EB1A90B92457}.Debug|Any CPU.Build.0 = Debug|Any CPU
		{735F8556-E2A8-4C04-9EA2-EB1A90B92457}.Release|Any CPU.ActiveCfg = Release|Any CPU
		{735F8556-E2A8-4C04-9EA2-EB1A90B92457}.Release|Any CPU.Build.0 = Release|Any CPU
	EndGlobalSection
	GlobalSection(SolutionProperties) = preSolution
		HideSolutionNode = FALSE
	EndGlobalSection
	GlobalSection(ExtensibilityGlobals) = postSolution
		SolutionGuid = {B44B67C3-3F4C-4A45-AC1A-7C8B622E0FC1}
	EndGlobalSection
EndGlobal
